
Microsoft Visual Studio Solution File, Format Version 12.00
# Visual Studio Version 17
VisualStudioVersion = 17.0.31903.59
MinimumVisualStudioVersion = 10.0.40219.1
Project("{FAE04EC0-301F-11D3-BF4B-00C04F79EFBC}") = "GooglyWindows.Core", "GooglyWindows.Core\GooglyWindows.Core.csproj", "{78BDD58A-89B0-43A8-B69C-3F589B746A0D}"
EndProject
Project("{FAE04EC0-301F-11D3-BF4B-00C04F79EFBC}") = "GooglyWindows", "GooglyWindows\GooglyWindows.csproj", "{19C34F15-CC7C-4E48-BBC4-3473B8B79AC0}"
EndProject
Project("{FAE04EC0-301F-11D3-BF4B-00C04F79EFBC}") = "GooglyWindows.Tests", "GooglyWindows.Tests\GooglyWindows.Tests.csproj", "{3DF05CE5-D3EE-4307-9696-C753E4596FDC}"
EndProject
Global
	GlobalSection(SolutionConfigurationPlatforms) = preSolution
		Debug|Any CPU = Debug|Any CPU
		Debug|x64 = Debug|x64
		Debug|x86 = Debug|x86
		Release|Any CPU = Release|Any CPU
		Release|x64 = Release|x64
		Release|x86 = Release|x86
	EndGlobalSection
	GlobalSection(ProjectConfigurationPlatforms) = postSolution
		{78BDD58A-89B0-43A8-B69C-3F589B746A0D}.Debug|Any CPU.ActiveCfg = Debug|Any CPU
		{78BDD58A-89B0-43A8-B69C-3F589B746A0D}.Debug|Any CPU.Build.0 = Debug|Any CPU
		{78BDD58A-89B0-43A8-B69C-3F589B746A0D}.Debug|x64.ActiveCfg = Debug|Any CPU
		{78BDD58A-89B0-43A8-B69C-3F589B746A0D}.Debug|x64.Build.0 = Debug|Any CPU
		{78BDD58A-89B0-43A8-B69C-3F589B746A0D}.Debug|x86.ActiveCfg = Debug|Any CPU
		{78BDD58A-89B0-43A8-B69C-3F589B746A0D}.Debug|x86.Build.0 = Debug|Any CPU
		{78BDD58A-89B0-43A8-B69C-3F589B746A0D}.Release|Any CPU.ActiveCfg = Release|Any CPU
		{78BDD58A-89B0-43A8-B69C-3F589B746A0D}.Release|Any CPU.Build.0 = Release|Any CPU
		{78BDD58A-89B0-43A8-B69C-3F589B746A0D}.Release|x64.ActiveCfg = Release|Any CPU
		{78BDD58A-89B0-43A8-B69C-3F589B746A0D}.Release|x64.Build.0 = Release|Any CPU
		{78BDD58A-89B0-43A8-B69C-3F589B746A0D}.Release|x86.ActiveCfg = Release|Any CPU
		{78BDD58A-89B0-43A8-B69C-3F589B746A0D}.Release|x86.Build.0 = Release|Any CPU
		{19C34F15-CC7C-4E48-BBC4-3473B8B79AC0}.Debug|Any CPU.ActiveCfg = Debug|Any CPU
		{19C34F15-CC7C-4E48-BBC4-3473B8B79AC0}.Debug|Any CPU.Build.0 = Debug|Any CPU
		{19C34F15-CC7C-4E48-BBC4-3473B8B79AC0}.Debug|x64.ActiveCfg = Debug|Any CPU
		{19C34F15-CC7C-4E48-BBC4-3473B8B79AC0}.Debug|x64.Build.0 = Debug|Any CPU
		{19C34F15-CC7C-4E48-BBC4-3473B8B79AC0}.Debug|x86.ActiveCfg = Debug|Any CPU
		{19C34F15-CC7C-4E48-BBC4-3473B8B79AC0}.Debug|x86.Build.0 = Debug|Any CPU
		{19C34F15-CC7C-4E48-BBC4-3473B8B79AC0}.Release|Any CPU.ActiveCfg = Release|Any CPU
		{19C34F15-CC7C-4E48-BBC4-3473B8B79AC0}.Release|Any CPU.Build.0 = Release|Any CPU
		{19C34F15-CC7C-4E48-BBC4-3473B8B79AC0}.Release|x64.ActiveCfg = Release|Any CPU
		{19C34F15-CC7C-4E48-BBC4-3473B8B79AC0}.Release|x64.Build.0 = Release|Any CPU
		{19C34F15-CC7C-4E48-BBC4-3473B8B79AC0}.Release|x86.ActiveCfg = Release|Any CPU
		{19C34F15-CC7C-4E48-BBC4-3473B8B79AC0}.Release|x86.Build.0 = Release|Any CPU
		{3DF05CE5-D3EE-4307-9696-C753E4596FDC}.Debug|Any CPU.ActiveCfg = Debug|Any CPU
		{3DF05CE5-D3EE-4307-9696-C753E4596FDC}.Debug|Any CPU.Build.0 = Debug|Any CPU
		{3DF05CE5-D3EE-4307-9696-C753E4596FDC}.Debug|x64.ActiveCfg = Debug|Any CPU
		{3DF05CE5-D3EE-4307-9696-C753E4596FDC}.Debug|x64.Build.0 = Debug|Any CPU
		{3DF05CE5-D3EE-4307-9696-C753E4596FDC}.Debug|x86.ActiveCfg = Debug|Any CPU
		{3DF05CE5-D3EE-4307-9696-C753E4596FDC}.Debug|x86.Build.0 = Debug|Any CPU
		{3DF05CE5-D3EE-4307-9696-C753E4596FDC}.Release|Any CPU.ActiveCfg = Release|Any CPU
		{3DF05CE5-D3EE-4307-9696-C753E4596FDC}.Release|Any CPU.Build.0 = Release|Any CPU
		{3DF05CE5-D3EE-4307-9696-C753E4596FDC}.Release|x64.ActiveCfg = Release|Any CPU
		{3DF05CE5-D3EE-4307-9696-C753E4596FDC}.Release|x64.Build.0 = Release|Any CPU
		{3DF05CE5-D3EE-4307-9696-C753E4596FDC}.Release|x86.ActiveCfg = Release|Any CPU
		{3DF05CE5-D3EE-4307-9696-C753E4596FDC}.Release|x86.Build.0 = Release|Any CPU
	EndGlobalSection
	GlobalSection(SolutionProperties) = preSolution
		HideSolutionNode = FALSE
	EndGlobalSection
EndGlobal
